// !$*UTF8*$!
{
	archiveVersion = 1;
	classes = {
	};
	objectVersion = 56;
	objects = {

/* Begin PBXBuildFile section */
		641535912A2CD3E40080F9A4 /* kittiesApp.swift in Sources */ = {isa = PBXBuildFile; fileRef = 641535902A2CD3E40080F9A4 /* kittiesApp.swift */; };
		641535932A2CD3E40080F9A4 /* ContentView.swift in Sources */ = {isa = PBXBuildFile; fileRef = 641535922A2CD3E40080F9A4 /* ContentView.swift */; };
		641535952A2CD3E80080F9A4 /* Assets.xcassets in Resources */ = {isa = PBXBuildFile; fileRef = 641535942A2CD3E80080F9A4 /* Assets.xcassets */; };
		641535982A2CD3E80080F9A4 /* Preview Assets.xcassets in Resources */ = {isa = PBXBuildFile; fileRef = 641535972A2CD3E80080F9A4 /* Preview Assets.xcassets */; };
		641535A22A2CD3E80080F9A4 /* kittiesTests.swift in Sources */ = {isa = PBXBuildFile; fileRef = 641535A12A2CD3E80080F9A4 /* kittiesTests.swift */; };
		641535AC2A2CD3E80080F9A4 /* kittiesUITests.swift in Sources */ = {isa = PBXBuildFile; fileRef = 641535AB2A2CD3E80080F9A4 /* kittiesUITests.swift */; };
		641535AE2A2CD3E80080F9A4 /* kittiesUITestsLaunchTests.swift in Sources */ = {isa = PBXBuildFile; fileRef = 641535AD2A2CD3E80080F9A4 /* kittiesUITestsLaunchTests.swift */; };
		6420ED722A2D392F00B75769 /* BreedsListView.swift in Sources */ = {isa = PBXBuildFile; fileRef = 6420ED702A2D392F00B75769 /* BreedsListView.swift */; };
		6420ED732A2D392F00B75769 /* BreedDetailView.swift in Sources */ = {isa = PBXBuildFile; fileRef = 6420ED712A2D392F00B75769 /* BreedDetailView.swift */; };
		6420ED752A2D394400B75769 /* Breed.swift in Sources */ = {isa = PBXBuildFile; fileRef = 6420ED742A2D394400B75769 /* Breed.swift */; };
		6420ED7D2A2F401B00B75769 /* APIError.swift in Sources */ = {isa = PBXBuildFile; fileRef = 6420ED772A2F401B00B75769 /* APIError.swift */; };
		6420ED7E2A2F401B00B75769 /* HTTPMethod.swift in Sources */ = {isa = PBXBuildFile; fileRef = 6420ED782A2F401B00B75769 /* HTTPMethod.swift */; };
		6420ED7F2A2F401B00B75769 /* APIManager.swift in Sources */ = {isa = PBXBuildFile; fileRef = 6420ED792A2F401B00B75769 /* APIManager.swift */; };
		6420ED802A2F401B00B75769 /* Endpoint.swift in Sources */ = {isa = PBXBuildFile; fileRef = 6420ED7A2A2F401B00B75769 /* Endpoint.swift */; };
		6420ED812A2F401B00B75769 /* Response.swift in Sources */ = {isa = PBXBuildFile; fileRef = 6420ED7B2A2F401B00B75769 /* Response.swift */; };
		6420ED822A2F401B00B75769 /* HTTPHeader.swift in Sources */ = {isa = PBXBuildFile; fileRef = 6420ED7C2A2F401B00B75769 /* HTTPHeader.swift */; };
		6420ED842A2F4AD600B75769 /* Constants.swift in Sources */ = {isa = PBXBuildFile; fileRef = 6420ED832A2F4AD600B75769 /* Constants.swift */; };
		6420ED872A2F4DF200B75769 /* BreedsEndpoint.swift in Sources */ = {isa = PBXBuildFile; fileRef = 6420ED862A2F4DF200B75769 /* BreedsEndpoint.swift */; };
		6420ED892A2F56F000B75769 /* BreesListViewModel.swift in Sources */ = {isa = PBXBuildFile; fileRef = 6420ED882A2F56F000B75769 /* BreesListViewModel.swift */; };
		6420ED8B2A2F570800B75769 /* BreedsListViewModel.swift in Sources */ = {isa = PBXBuildFile; fileRef = 6420ED8A2A2F570800B75769 /* BreedsListViewModel.swift */; };
/* End PBXBuildFile section */

/* Begin PBXContainerItemProxy section */
		6415359E2A2CD3E80080F9A4 /* PBXContainerItemProxy */ = {
			isa = PBXContainerItemProxy;
			containerPortal = 641535852A2CD3E40080F9A4 /* Project object */;
			proxyType = 1;
			remoteGlobalIDString = 6415358C2A2CD3E40080F9A4;
			remoteInfo = kitties;
		};
		641535A82A2CD3E80080F9A4 /* PBXContainerItemProxy */ = {
			isa = PBXContainerItemProxy;
			containerPortal = 641535852A2CD3E40080F9A4 /* Project object */;
			proxyType = 1;
			remoteGlobalIDString = 6415358C2A2CD3E40080F9A4;
			remoteInfo = kitties;
		};
/* End PBXContainerItemProxy section */

/* Begin PBXFileReference section */
		6415358D2A2CD3E40080F9A4 /* kitties.app */ = {isa = PBXFileReference; explicitFileType = wrapper.application; includeInIndex = 0; path = kitties.app; sourceTree = BUILT_PRODUCTS_DIR; };
		641535902A2CD3E40080F9A4 /* kittiesApp.swift */ = {isa = PBXFileReference; lastKnownFileType = sourcecode.swift; path = kittiesApp.swift; sourceTree = "<group>"; };
		641535922A2CD3E40080F9A4 /* ContentView.swift */ = {isa = PBXFileReference; lastKnownFileType = sourcecode.swift; path = ContentView.swift; sourceTree = "<group>"; };
		641535942A2CD3E80080F9A4 /* Assets.xcassets */ = {isa = PBXFileReference; lastKnownFileType = folder.assetcatalog; path = Assets.xcassets; sourceTree = "<group>"; };
		641535972A2CD3E80080F9A4 /* Preview Assets.xcassets */ = {isa = PBXFileReference; lastKnownFileType = folder.assetcatalog; path = "Preview Assets.xcassets"; sourceTree = "<group>"; };
		6415359D2A2CD3E80080F9A4 /* kittiesTests.xctest */ = {isa = PBXFileReference; explicitFileType = wrapper.cfbundle; includeInIndex = 0; path = kittiesTests.xctest; sourceTree = BUILT_PRODUCTS_DIR; };
		641535A12A2CD3E80080F9A4 /* kittiesTests.swift */ = {isa = PBXFileReference; lastKnownFileType = sourcecode.swift; path = kittiesTests.swift; sourceTree = "<group>"; };
		641535A72A2CD3E80080F9A4 /* kittiesUITests.xctest */ = {isa = PBXFileReference; explicitFileType = wrapper.cfbundle; includeInIndex = 0; path = kittiesUITests.xctest; sourceTree = BUILT_PRODUCTS_DIR; };
		641535AB2A2CD3E80080F9A4 /* kittiesUITests.swift */ = {isa = PBXFileReference; lastKnownFileType = sourcecode.swift; path = kittiesUITests.swift; sourceTree = "<group>"; };
		641535AD2A2CD3E80080F9A4 /* kittiesUITestsLaunchTests.swift */ = {isa = PBXFileReference; lastKnownFileType = sourcecode.swift; path = kittiesUITestsLaunchTests.swift; sourceTree = "<group>"; };
		6420ED702A2D392F00B75769 /* BreedsListView.swift */ = {isa = PBXFileReference; fileEncoding = 4; lastKnownFileType = sourcecode.swift; path = BreedsListView.swift; sourceTree = "<group>"; };
		6420ED712A2D392F00B75769 /* BreedDetailView.swift */ = {isa = PBXFileReference; fileEncoding = 4; lastKnownFileType = sourcecode.swift; path = BreedDetailView.swift; sourceTree = "<group>"; };
		6420ED742A2D394400B75769 /* Breed.swift */ = {isa = PBXFileReference; fileEncoding = 4; lastKnownFileType = sourcecode.swift; path = Breed.swift; sourceTree = "<group>"; };
		6420ED772A2F401B00B75769 /* APIError.swift */ = {isa = PBXFileReference; fileEncoding = 4; lastKnownFileType = sourcecode.swift; path = APIError.swift; sourceTree = "<group>"; };
		6420ED782A2F401B00B75769 /* HTTPMethod.swift */ = {isa = PBXFileReference; fileEncoding = 4; lastKnownFileType = sourcecode.swift; path = HTTPMethod.swift; sourceTree = "<group>"; };
		6420ED792A2F401B00B75769 /* APIManager.swift */ = {isa = PBXFileReference; fileEncoding = 4; lastKnownFileType = sourcecode.swift; path = APIManager.swift; sourceTree = "<group>"; };
		6420ED7A2A2F401B00B75769 /* Endpoint.swift */ = {isa = PBXFileReference; fileEncoding = 4; lastKnownFileType = sourcecode.swift; path = Endpoint.swift; sourceTree = "<group>"; };
		6420ED7B2A2F401B00B75769 /* Response.swift */ = {isa = PBXFileReference; fileEncoding = 4; lastKnownFileType = sourcecode.swift; path = Response.swift; sourceTree = "<group>"; };
		6420ED7C2A2F401B00B75769 /* HTTPHeader.swift */ = {isa = PBXFileReference; fileEncoding = 4; lastKnownFileType = sourcecode.swift; path = HTTPHeader.swift; sourceTree = "<group>"; };
		6420ED832A2F4AD600B75769 /* Constants.swift */ = {isa = PBXFileReference; lastKnownFileType = sourcecode.swift; path = Constants.swift; sourceTree = "<group>"; };
		6420ED862A2F4DF200B75769 /* BreedsEndpoint.swift */ = {isa = PBXFileReference; lastKnownFileType = sourcecode.swift; path = BreedsEndpoint.swift; sourceTree = "<group>"; };
		6420ED882A2F56F000B75769 /* BreesListViewModel.swift */ = {isa = PBXFileReference; lastKnownFileType = sourcecode.swift; path = BreesListViewModel.swift; sourceTree = "<group>"; };
		6420ED8A2A2F570800B75769 /* BreedsListViewModel.swift */ = {isa = PBXFileReference; lastKnownFileType = sourcecode.swift; path = BreedsListViewModel.swift; sourceTree = "<group>"; };
/* End PBXFileReference section */

/* Begin PBXFrameworksBuildPhase section */
		6415358A2A2CD3E40080F9A4 /* Frameworks */ = {
			isa = PBXFrameworksBuildPhase;
			buildActionMask = 2147483647;
			files = (
			);
			runOnlyForDeploymentPostprocessing = 0;
		};
		6415359A2A2CD3E80080F9A4 /* Frameworks */ = {
			isa = PBXFrameworksBuildPhase;
			buildActionMask = 2147483647;
			files = (
			);
			runOnlyForDeploymentPostprocessing = 0;
		};
		641535A42A2CD3E80080F9A4 /* Frameworks */ = {
			isa = PBXFrameworksBuildPhase;
			buildActionMask = 2147483647;
			files = (
			);
			runOnlyForDeploymentPostprocessing = 0;
		};
/* End PBXFrameworksBuildPhase section */

/* Begin PBXGroup section */
		641535842A2CD3E40080F9A4 = {
			isa = PBXGroup;
			children = (
				6415358F2A2CD3E40080F9A4 /* kitties */,
				641535A02A2CD3E80080F9A4 /* kittiesTests */,
				641535AA2A2CD3E80080F9A4 /* kittiesUITests */,
				6415358E2A2CD3E40080F9A4 /* Products */,
			);
			sourceTree = "<group>";
		};
		6415358E2A2CD3E40080F9A4 /* Products */ = {
			isa = PBXGroup;
			children = (
				6415358D2A2CD3E40080F9A4 /* kitties.app */,
				6415359D2A2CD3E80080F9A4 /* kittiesTests.xctest */,
				641535A72A2CD3E80080F9A4 /* kittiesUITests.xctest */,
			);
			name = Products;
			sourceTree = "<group>";
		};
		6415358F2A2CD3E40080F9A4 /* kitties */ = {
			isa = PBXGroup;
			children = (
				6420ED762A2F3EAA00B75769 /* API */,
				6420ED6F2A2D38D000B75769 /* Views */,
				6420ED6E2A2D38BF00B75769 /* Models */,
				641535902A2CD3E40080F9A4 /* kittiesApp.swift */,
				641535922A2CD3E40080F9A4 /* ContentView.swift */,
				641535942A2CD3E80080F9A4 /* Assets.xcassets */,
				641535962A2CD3E80080F9A4 /* Preview Content */,
				6420ED832A2F4AD600B75769 /* Constants.swift */,
			);
			path = kitties;
			sourceTree = "<group>";
		};
		641535962A2CD3E80080F9A4 /* Preview Content */ = {
			isa = PBXGroup;
			children = (
				641535972A2CD3E80080F9A4 /* Preview Assets.xcassets */,
			);
			path = "Preview Content";
			sourceTree = "<group>";
		};
		641535A02A2CD3E80080F9A4 /* kittiesTests */ = {
			isa = PBXGroup;
			children = (
				641535A12A2CD3E80080F9A4 /* kittiesTests.swift */,
			);
			path = kittiesTests;
			sourceTree = "<group>";
		};
		641535AA2A2CD3E80080F9A4 /* kittiesUITests */ = {
			isa = PBXGroup;
			children = (
				641535AB2A2CD3E80080F9A4 /* kittiesUITests.swift */,
				641535AD2A2CD3E80080F9A4 /* kittiesUITestsLaunchTests.swift */,
			);
			path = kittiesUITests;
			sourceTree = "<group>";
		};
		6420ED6E2A2D38BF00B75769 /* Models */ = {
			isa = PBXGroup;
			children = (
				6420ED742A2D394400B75769 /* Breed.swift */,
				6420ED882A2F56F000B75769 /* BreesListViewModel.swift */,
				6420ED8A2A2F570800B75769 /* BreedsListViewModel.swift */,
			);
			path = Models;
			sourceTree = "<group>";
		};
		6420ED6F2A2D38D000B75769 /* Views */ = {
			isa = PBXGroup;
			children = (
				6420ED712A2D392F00B75769 /* BreedDetailView.swift */,
				6420ED702A2D392F00B75769 /* BreedsListView.swift */,
			);
			path = Views;
			sourceTree = "<group>";
		};
		6420ED762A2F3EAA00B75769 /* API */ = {
			isa = PBXGroup;
			children = (
				6420ED852A2F4DD900B75769 /* Endpoints */,
				6420ED772A2F401B00B75769 /* APIError.swift */,
				6420ED792A2F401B00B75769 /* APIManager.swift */,
				6420ED7A2A2F401B00B75769 /* Endpoint.swift */,
				6420ED7C2A2F401B00B75769 /* HTTPHeader.swift */,
				6420ED782A2F401B00B75769 /* HTTPMethod.swift */,
				6420ED7B2A2F401B00B75769 /* Response.swift */,
			);
			path = API;
			sourceTree = "<group>";
		};
		6420ED852A2F4DD900B75769 /* Endpoints */ = {
			isa = PBXGroup;
			children = (
				6420ED862A2F4DF200B75769 /* BreedsEndpoint.swift */,
			);
			path = Endpoints;
			sourceTree = "<group>";
		};
/* End PBXGroup section */

/* Begin PBXNativeTarget section */
		6415358C2A2CD3E40080F9A4 /* kitties */ = {
			isa = PBXNativeTarget;
			buildConfigurationList = 641535B12A2CD3E80080F9A4 /* Build configuration list for PBXNativeTarget "kitties" */;
			buildPhases = (
				641535892A2CD3E40080F9A4 /* Sources */,
				6415358A2A2CD3E40080F9A4 /* Frameworks */,
				6415358B2A2CD3E40080F9A4 /* Resources */,
			);
			buildRules = (
			);
			dependencies = (
			);
			name = kitties;
			productName = kitties;
			productReference = 6415358D2A2CD3E40080F9A4 /* kitties.app */;
			productType = "com.apple.product-type.application";
		};
		6415359C2A2CD3E80080F9A4 /* kittiesTests */ = {
			isa = PBXNativeTarget;
			buildConfigurationList = 641535B42A2CD3E80080F9A4 /* Build configuration list for PBXNativeTarget "kittiesTests" */;
			buildPhases = (
				641535992A2CD3E80080F9A4 /* Sources */,
				6415359A2A2CD3E80080F9A4 /* Frameworks */,
				6415359B2A2CD3E80080F9A4 /* Resources */,
			);
			buildRules = (
			);
			dependencies = (
				6415359F2A2CD3E80080F9A4 /* PBXTargetDependency */,
			);
			name = kittiesTests;
			productName = kittiesTests;
			productReference = 6415359D2A2CD3E80080F9A4 /* kittiesTests.xctest */;
			productType = "com.apple.product-type.bundle.unit-test";
		};
		641535A62A2CD3E80080F9A4 /* kittiesUITests */ = {
			isa = PBXNativeTarget;
			buildConfigurationList = 641535B72A2CD3E80080F9A4 /* Build configuration list for PBXNativeTarget "kittiesUITests" */;
			buildPhases = (
				641535A32A2CD3E80080F9A4 /* Sources */,
				641535A42A2CD3E80080F9A4 /* Frameworks */,
				641535A52A2CD3E80080F9A4 /* Resources */,
			);
			buildRules = (
			);
			dependencies = (
				641535A92A2CD3E80080F9A4 /* PBXTargetDependency */,
			);
			name = kittiesUITests;
			productName = kittiesUITests;
			productReference = 641535A72A2CD3E80080F9A4 /* kittiesUITests.xctest */;
			productType = "com.apple.product-type.bundle.ui-testing";
		};
/* End PBXNativeTarget section */

/* Begin PBXProject section */
		641535852A2CD3E40080F9A4 /* Project object */ = {
			isa = PBXProject;
			attributes = {
				BuildIndependentTargetsInParallel = 1;
				LastSwiftUpdateCheck = 1430;
				LastUpgradeCheck = 1430;
				TargetAttributes = {
					6415358C2A2CD3E40080F9A4 = {
						CreatedOnToolsVersion = 14.3.1;
					};
					6415359C2A2CD3E80080F9A4 = {
						CreatedOnToolsVersion = 14.3.1;
						TestTargetID = 6415358C2A2CD3E40080F9A4;
					};
					641535A62A2CD3E80080F9A4 = {
						CreatedOnToolsVersion = 14.3.1;
						TestTargetID = 6415358C2A2CD3E40080F9A4;
					};
				};
			};
			buildConfigurationList = 641535882A2CD3E40080F9A4 /* Build configuration list for PBXProject "kitties" */;
			compatibilityVersion = "Xcode 14.0";
			developmentRegion = en;
			hasScannedForEncodings = 0;
			knownRegions = (
				en,
				Base,
			);
			mainGroup = 641535842A2CD3E40080F9A4;
			productRefGroup = 6415358E2A2CD3E40080F9A4 /* Products */;
			projectDirPath = "";
			projectRoot = "";
			targets = (
				6415358C2A2CD3E40080F9A4 /* kitties */,
				6415359C2A2CD3E80080F9A4 /* kittiesTests */,
				641535A62A2CD3E80080F9A4 /* kittiesUITests */,
			);
		};
/* End PBXProject section */

/* Begin PBXResourcesBuildPhase section */
		6415358B2A2CD3E40080F9A4 /* Resources */ = {
			isa = PBXResourcesBuildPhase;
			buildActionMask = 2147483647;
			files = (
				641535982A2CD3E80080F9A4 /* Preview Assets.xcassets in Resources */,
				641535952A2CD3E80080F9A4 /* Assets.xcassets in Resources */,
			);
			runOnlyForDeploymentPostprocessing = 0;
		};
		6415359B2A2CD3E80080F9A4 /* Resources */ = {
			isa = PBXResourcesBuildPhase;
			buildActionMask = 2147483647;
			files = (
			);
			runOnlyForDeploymentPostprocessing = 0;
		};
		641535A52A2CD3E80080F9A4 /* Resources */ = {
			isa = PBXResourcesBuildPhase;
			buildActionMask = 2147483647;
			files = (
			);
			runOnlyForDeploymentPostprocessing = 0;
		};
/* End PBXResourcesBuildPhase section */

/* Begin PBXSourcesBuildPhase section */
		641535892A2CD3E40080F9A4 /* Sources */ = {
			isa = PBXSourcesBuildPhase;
			buildActionMask = 2147483647;
			files = (
				6420ED7F2A2F401B00B75769 /* APIManager.swift in Sources */,
				6420ED802A2F401B00B75769 /* Endpoint.swift in Sources */,
				6420ED892A2F56F000B75769 /* BreesListViewModel.swift in Sources */,
				6420ED732A2D392F00B75769 /* BreedDetailView.swift in Sources */,
				641535932A2CD3E40080F9A4 /* ContentView.swift in Sources */,
				6420ED812A2F401B00B75769 /* Response.swift in Sources */,
				6420ED7E2A2F401B00B75769 /* HTTPMethod.swift in Sources */,
				6420ED722A2D392F00B75769 /* BreedsListView.swift in Sources */,
				6420ED752A2D394400B75769 /* Breed.swift in Sources */,
				6420ED822A2F401B00B75769 /* HTTPHeader.swift in Sources */,
				641535912A2CD3E40080F9A4 /* kittiesApp.swift in Sources */,
				6420ED7D2A2F401B00B75769 /* APIError.swift in Sources */,
				6420ED8B2A2F570800B75769 /* BreedsListViewModel.swift in Sources */,
				6420ED872A2F4DF200B75769 /* BreedsEndpoint.swift in Sources */,
				6420ED842A2F4AD600B75769 /* Constants.swift in Sources */,
			);
			runOnlyForDeploymentPostprocessing = 0;
		};
		641535992A2CD3E80080F9A4 /* Sources */ = {
			isa = PBXSourcesBuildPhase;
			buildActionMask = 2147483647;
			files = (
				641535A22A2CD3E80080F9A4 /* kittiesTests.swift in Sources */,
			);
			runOnlyForDeploymentPostprocessing = 0;
		};
		641535A32A2CD3E80080F9A4 /* Sources */ = {
			isa = PBXSourcesBuildPhase;
			buildActionMask = 2147483647;
			files = (
				641535AE2A2CD3E80080F9A4 /* kittiesUITestsLaunchTests.swift in Sources */,
				641535AC2A2CD3E80080F9A4 /* kittiesUITests.swift in Sources */,
			);
			runOnlyForDeploymentPostprocessing = 0;
		};
/* End PBXSourcesBuildPhase section */

/* Begin PBXTargetDependency section */
		6415359F2A2CD3E80080F9A4 /* PBXTargetDependency */ = {
			isa = PBXTargetDependency;
			target = 6415358C2A2CD3E40080F9A4 /* kitties */;
			targetProxy = 6415359E2A2CD3E80080F9A4 /* PBXContainerItemProxy */;
		};
		641535A92A2CD3E80080F9A4 /* PBXTargetDependency */ = {
			isa = PBXTargetDependency;
			target = 6415358C2A2CD3E40080F9A4 /* kitties */;
			targetProxy = 641535A82A2CD3E80080F9A4 /* PBXContainerItemProxy */;
		};
/* End PBXTargetDependency section */

/* Begin XCBuildConfiguration section */
		641535AF2A2CD3E80080F9A4 /* Debug */ = {
			isa = XCBuildConfiguration;
			buildSettings = {
				ALWAYS_SEARCH_USER_PATHS = NO;
				CLANG_ANALYZER_NONNULL = YES;
				CLANG_ANALYZER_NUMBER_OBJECT_CONVERSION = YES_AGGRESSIVE;
				CLANG_CXX_LANGUAGE_STANDARD = "gnu++20";
				CLANG_ENABLE_MODULES = YES;
				CLANG_ENABLE_OBJC_ARC = YES;
				CLANG_ENABLE_OBJC_WEAK = YES;
				CLANG_WARN_BLOCK_CAPTURE_AUTORELEASING = YES;
				CLANG_WARN_BOOL_CONVERSION = YES;
				CLANG_WARN_COMMA = YES;
				CLANG_WARN_CONSTANT_CONVERSION = YES;
				CLANG_WARN_DEPRECATED_OBJC_IMPLEMENTATIONS = YES;
				CLANG_WARN_DIRECT_OBJC_ISA_USAGE = YES_ERROR;
				CLANG_WARN_DOCUMENTATION_COMMENTS = YES;
				CLANG_WARN_EMPTY_BODY = YES;
				CLANG_WARN_ENUM_CONVERSION = YES;
				CLANG_WARN_INFINITE_RECURSION = YES;
				CLANG_WARN_INT_CONVERSION = YES;
				CLANG_WARN_NON_LITERAL_NULL_CONVERSION = YES;
				CLANG_WARN_OBJC_IMPLICIT_RETAIN_SELF = YES;
				CLANG_WARN_OBJC_LITERAL_CONVERSION = YES;
				CLANG_WARN_OBJC_ROOT_CLASS = YES_ERROR;
				CLANG_WARN_QUOTED_INCLUDE_IN_FRAMEWORK_HEADER = YES;
				CLANG_WARN_RANGE_LOOP_ANALYSIS = YES;
				CLANG_WARN_STRICT_PROTOTYPES = YES;
				CLANG_WARN_SUSPICIOUS_MOVE = YES;
				CLANG_WARN_UNGUARDED_AVAILABILITY = YES_AGGRESSIVE;
				CLANG_WARN_UNREACHABLE_CODE = YES;
				CLANG_WARN__DUPLICATE_METHOD_MATCH = YES;
				COPY_PHASE_STRIP = NO;
				DEBUG_INFORMATION_FORMAT = dwarf;
				ENABLE_STRICT_OBJC_MSGSEND = YES;
				ENABLE_TESTABILITY = YES;
				GCC_C_LANGUAGE_STANDARD = gnu11;
				GCC_DYNAMIC_NO_PIC = NO;
				GCC_NO_COMMON_BLOCKS = YES;
				GCC_OPTIMIZATION_LEVEL = 0;
				GCC_PREPROCESSOR_DEFINITIONS = (
					"DEBUG=1",
					"$(inherited)",
				);
				GCC_WARN_64_TO_32_BIT_CONVERSION = YES;
				GCC_WARN_ABOUT_RETURN_TYPE = YES_ERROR;
				GCC_WARN_UNDECLARED_SELECTOR = YES;
				GCC_WARN_UNINITIALIZED_AUTOS = YES_AGGRESSIVE;
				GCC_WARN_UNUSED_FUNCTION = YES;
				GCC_WARN_UNUSED_VARIABLE = YES;
				IPHONEOS_DEPLOYMENT_TARGET = 16.4;
				MTL_ENABLE_DEBUG_INFO = INCLUDE_SOURCE;
				MTL_FAST_MATH = YES;
				ONLY_ACTIVE_ARCH = YES;
				SDKROOT = iphoneos;
				SWIFT_ACTIVE_COMPILATION_CONDITIONS = DEBUG;
				SWIFT_OPTIMIZATION_LEVEL = "-Onone";
			};
			name = Debug;
		};
		641535B02A2CD3E80080F9A4 /* Release */ = {
			isa = XCBuildConfiguration;
			buildSettings = {
				ALWAYS_SEARCH_USER_PATHS = NO;
				CLANG_ANALYZER_NONNULL = YES;
				CLANG_ANALYZER_NUMBER_OBJECT_CONVERSION = YES_AGGRESSIVE;
				CLANG_CXX_LANGUAGE_STANDARD = "gnu++20";
				CLANG_ENABLE_MODULES = YES;
				CLANG_ENABLE_OBJC_ARC = YES;
				CLANG_ENABLE_OBJC_WEAK = YES;
				CLANG_WARN_BLOCK_CAPTURE_AUTORELEASING = YES;
				CLANG_WARN_BOOL_CONVERSION = YES;
				CLANG_WARN_COMMA = YES;
				CLANG_WARN_CONSTANT_CONVERSION = YES;
				CLANG_WARN_DEPRECATED_OBJC_IMPLEMENTATIONS = YES;
				CLANG_WARN_DIRECT_OBJC_ISA_USAGE = YES_ERROR;
				CLANG_WARN_DOCUMENTATION_COMMENTS = YES;
				CLANG_WARN_EMPTY_BODY = YES;
				CLANG_WARN_ENUM_CONVERSION = YES;
				CLANG_WARN_INFINITE_RECURSION = YES;
				CLANG_WARN_INT_CONVERSION = YES;
				CLANG_WARN_NON_LITERAL_NULL_CONVERSION = YES;
				CLANG_WARN_OBJC_IMPLICIT_RETAIN_SELF = YES;
				CLANG_WARN_OBJC_LITERAL_CONVERSION = YES;
				CLANG_WARN_OBJC_ROOT_CLASS = YES_ERROR;
				CLANG_WARN_QUOTED_INCLUDE_IN_FRAMEWORK_HEADER = YES;
				CLANG_WARN_RANGE_LOOP_ANALYSIS = YES;
				CLANG_WARN_STRICT_PROTOTYPES = YES;
				CLANG_WARN_SUSPICIOUS_MOVE = YES;
				CLANG_WARN_UNGUARDED_AVAILABILITY = YES_AGGRESSIVE;
				CLANG_WARN_UNREACHABLE_CODE = YES;
				CLANG_WARN__DUPLICATE_METHOD_MATCH = YES;
				COPY_PHASE_STRIP = NO;
				DEBUG_INFORMATION_FORMAT = "dwarf-with-dsym";
				ENABLE_NS_ASSERTIONS = NO;
				ENABLE_STRICT_OBJC_MSGSEND = YES;
				GCC_C_LANGUAGE_STANDARD = gnu11;
				GCC_NO_COMMON_BLOCKS = YES;
				GCC_WARN_64_TO_32_BIT_CONVERSION = YES;
				GCC_WARN_ABOUT_RETURN_TYPE = YES_ERROR;
				GCC_WARN_UNDECLARED_SELECTOR = YES;
				GCC_WARN_UNINITIALIZED_AUTOS = YES_AGGRESSIVE;
				GCC_WARN_UNUSED_FUNCTION = YES;
				GCC_WARN_UNUSED_VARIABLE = YES;
				IPHONEOS_DEPLOYMENT_TARGET = 16.4;
				MTL_ENABLE_DEBUG_INFO = NO;
				MTL_FAST_MATH = YES;
				SDKROOT = iphoneos;
				SWIFT_COMPILATION_MODE = wholemodule;
				SWIFT_OPTIMIZATION_LEVEL = "-O";
				VALIDATE_PRODUCT = YES;
			};
			name = Release;
		};
		641535B22A2CD3E80080F9A4 /* Debug */ = {
			isa = XCBuildConfiguration;
			buildSettings = {
				ASSETCATALOG_COMPILER_APPICON_NAME = AppIcon;
				ASSETCATALOG_COMPILER_GLOBAL_ACCENT_COLOR_NAME = AccentColor;
				CODE_SIGN_STYLE = Automatic;
				CURRENT_PROJECT_VERSION = 1;
				DEVELOPMENT_ASSET_PATHS = "\"kitties/Preview Content\"";
				ENABLE_PREVIEWS = YES;
				GENERATE_INFOPLIST_FILE = YES;
				INFOPLIST_KEY_UIApplicationSceneManifest_Generation = YES;
				INFOPLIST_KEY_UIApplicationSupportsIndirectInputEvents = YES;
				INFOPLIST_KEY_UILaunchScreen_Generation = YES;
				INFOPLIST_KEY_UISupportedInterfaceOrientations_iPad = "UIInterfaceOrientationPortrait UIInterfaceOrientationPortraitUpsideDown UIInterfaceOrientationLandscapeLeft UIInterfaceOrientationLandscapeRight";
				INFOPLIST_KEY_UISupportedInterfaceOrientations_iPhone = "UIInterfaceOrientationPortrait UIInterfaceOrientationLandscapeLeft UIInterfaceOrientationLandscapeRight";
				LD_RUNPATH_SEARCH_PATHS = (
					"$(inherited)",
					"@executable_path/Frameworks",
				);
				MARKETING_VERSION = 1.0;
				PRODUCT_BUNDLE_IDENTIFIER = cz.turl03.kitties;
				PRODUCT_NAME = "$(TARGET_NAME)";
				SWIFT_EMIT_LOC_STRINGS = YES;
				SWIFT_VERSION = 5.0;
				TARGETED_DEVICE_FAMILY = "1,2";
			};
			name = Debug;
		};
		641535B32A2CD3E80080F9A4 /* Release */ = {
			isa = XCBuildConfiguration;
			buildSettings = {
				ASSETCATALOG_COMPILER_APPICON_NAME = AppIcon;
				ASSETCATALOG_COMPILER_GLOBAL_ACCENT_COLOR_NAME = AccentColor;
				CODE_SIGN_STYLE = Automatic;
				CURRENT_PROJECT_VERSION = 1;
				DEVELOPMENT_ASSET_PATHS = "\"kitties/Preview Content\"";
				ENABLE_PREVIEWS = YES;
				GENERATE_INFOPLIST_FILE = YES;
				INFOPLIST_KEY_UIApplicationSceneManifest_Generation = YES;
				INFOPLIST_KEY_UIApplicationSupportsIndirectInputEvents = YES;
				INFOPLIST_KEY_UILaunchScreen_Generation = YES;
				INFOPLIST_KEY_UISupportedInterfaceOrientations_iPad = "UIInterfaceOrientationPortrait UIInterfaceOrientationPortraitUpsideDown UIInterfaceOrientationLandscapeLeft UIInterfaceOrientationLandscapeRight";
				INFOPLIST_KEY_UISupportedInterfaceOrientations_iPhone = "UIInterfaceOrientationPortrait UIInterfaceOrientationLandscapeLeft UIInterfaceOrientationLandscapeRight";
				LD_RUNPATH_SEARCH_PATHS = (
					"$(inherited)",
					"@executable_path/Frameworks",
				);
				MARKETING_VERSION = 1.0;
				PRODUCT_BUNDLE_IDENTIFIER = cz.turl03.kitties;
				PRODUCT_NAME = "$(TARGET_NAME)";
				SWIFT_EMIT_LOC_STRINGS = YES;
				SWIFT_VERSION = 5.0;
				TARGETED_DEVICE_FAMILY = "1,2";
			};
			name = Release;
		};
		641535B52A2CD3E80080F9A4 /* Debug */ = {
			isa = XCBuildConfiguration;
			buildSettings = {
				ALWAYS_EMBED_SWIFT_STANDARD_LIBRARIES = YES;
				BUNDLE_LOADER = "$(TEST_HOST)";
				CODE_SIGN_STYLE = Automatic;
				CURRENT_PROJECT_VERSION = 1;
				GENERATE_INFOPLIST_FILE = YES;
				IPHONEOS_DEPLOYMENT_TARGET = 16.4;
				MARKETING_VERSION = 1.0;
				PRODUCT_BUNDLE_IDENTIFIER = cz.turl03.kittiesTests;
				PRODUCT_NAME = "$(TARGET_NAME)";
				SWIFT_EMIT_LOC_STRINGS = NO;
				SWIFT_VERSION = 5.0;
				TARGETED_DEVICE_FAMILY = "1,2";
				TEST_HOST = "$(BUILT_PRODUCTS_DIR)/kitties.app/$(BUNDLE_EXECUTABLE_FOLDER_PATH)/kitties";
			};
			name = Debug;
		};
		641535B62A2CD3E80080F9A4 /* Release */ = {
			isa = XCBuildConfiguration;
			buildSettings = {
				ALWAYS_EMBED_SWIFT_STANDARD_LIBRARIES = YES;
				BUNDLE_LOADER = "$(TEST_HOST)";
				CODE_SIGN_STYLE = Automatic;
				CURRENT_PROJECT_VERSION = 1;
				GENERATE_INFOPLIST_FILE = YES;
				IPHONEOS_DEPLOYMENT_TARGET = 16.4;
				MARKETING_VERSION = 1.0;
				PRODUCT_BUNDLE_IDENTIFIER = cz.turl03.kittiesTests;
				PRODUCT_NAME = "$(TARGET_NAME)";
				SWIFT_EMIT_LOC_STRINGS = NO;
				SWIFT_VERSION = 5.0;
				TARGETED_DEVICE_FAMILY = "1,2";
				TEST_HOST = "$(BUILT_PRODUCTS_DIR)/kitties.app/$(BUNDLE_EXECUTABLE_FOLDER_PATH)/kitties";
			};
			name = Release;
		};
		641535B82A2CD3E80080F9A4 /* Debug */ = {
			isa = XCBuildConfiguration;
			buildSettings = {
				ALWAYS_EMBED_SWIFT_STANDARD_LIBRARIES = YES;
				CODE_SIGN_STYLE = Automatic;
				CURRENT_PROJECT_VERSION = 1;
				GENERATE_INFOPLIST_FILE = YES;
				MARKETING_VERSION = 1.0;
				PRODUCT_BUNDLE_IDENTIFIER = cz.turl03.kittiesUITests;
				PRODUCT_NAME = "$(TARGET_NAME)";
				SWIFT_EMIT_LOC_STRINGS = NO;
				SWIFT_VERSION = 5.0;
				TARGETED_DEVICE_FAMILY = "1,2";
				TEST_TARGET_NAME = kitties;
			};
			name = Debug;
		};
		641535B92A2CD3E80080F9A4 /* Release */ = {
			isa = XCBuildConfiguration;
			buildSettings = {
				ALWAYS_EMBED_SWIFT_STANDARD_LIBRARIES = YES;
				CODE_SIGN_STYLE = Automatic;
				CURRENT_PROJECT_VERSION = 1;
				GENERATE_INFOPLIST_FILE = YES;
				MARKETING_VERSION = 1.0;
				PRODUCT_BUNDLE_IDENTIFIER = cz.turl03.kittiesUITests;
				PRODUCT_NAME = "$(TARGET_NAME)";
				SWIFT_EMIT_LOC_STRINGS = NO;
				SWIFT_VERSION = 5.0;
				TARGETED_DEVICE_FAMILY = "1,2";
				TEST_TARGET_NAME = kitties;
			};
			name = Release;
		};
/* End XCBuildConfiguration section */

/* Begin XCConfigurationList section */
		641535882A2CD3E40080F9A4 /* Build configuration list for PBXProject "kitties" */ = {
			isa = XCConfigurationList;
			buildConfigurations = (
				641535AF2A2CD3E80080F9A4 /* Debug */,
				641535B02A2CD3E80080F9A4 /* Release */,
			);
			defaultConfigurationIsVisible = 0;
			defaultConfigurationName = Release;
		};
		641535B12A2CD3E80080F9A4 /* Build configuration list for PBXNativeTarget "kitties" */ = {
			isa = XCConfigurationList;
			buildConfigurations = (
				641535B22A2CD3E80080F9A4 /* Debug */,
				641535B32A2CD3E80080F9A4 /* Release */,
			);
			defaultConfigurationIsVisible = 0;
			defaultConfigurationName = Release;
		};
		641535B42A2CD3E80080F9A4 /* Build configuration list for PBXNativeTarget "kittiesTests" */ = {
			isa = XCConfigurationList;
			buildConfigurations = (
				641535B52A2CD3E80080F9A4 /* Debug */,
				641535B62A2CD3E80080F9A4 /* Release */,
			);
			defaultConfigurationIsVisible = 0;
			defaultConfigurationName = Release;
		};
		641535B72A2CD3E80080F9A4 /* Build configuration list for PBXNativeTarget "kittiesUITests" */ = {
			isa = XCConfigurationList;
			buildConfigurations = (
				641535B82A2CD3E80080F9A4 /* Debug */,
				641535B92A2CD3E80080F9A4 /* Release */,
			);
			defaultConfigurationIsVisible = 0;
			defaultConfigurationName = Release;
		};
/* End XCConfigurationList section */
	};
	rootObject = 641535852A2CD3E40080F9A4 /* Project object */;
}
